
Microsoft Visual Studio Solution File, Format Version 12.00
# Visual Studio Version 16
VisualStudioVersion = 16.0.30907.101
MinimumVisualStudioVersion = 10.0.40219.1
Project("{FAE04EC0-301F-11D3-BF4B-00C04F79EFBC}") = "CoreWebApiCodeFirstEx", "CoreWebApiCodeFirstEx\CoreWebApiCodeFirstEx.csproj", "{8DB8B07D-B887-4C5A-B00D-E26055026D47}"
EndProject
Global
	GlobalSection(SolutionConfigurationPlatforms) = preSolution
		Debug|Any CPU = Debug|Any CPU
		Release|Any CPU = Release|Any CPU
	EndGlobalSection
	GlobalSection(ProjectConfigurationPlatforms) = postSolution
		{8DB8B07D-B887-4C5A-B00D-E26055026D47}.Debug|Any CPU.ActiveCfg = Debug|Any CPU
		{8DB8B07D-B887-4C5A-B00D-E26055026D47}.Debug|Any CPU.Build.0 = Debug|Any CPU
		{8DB8B07D-B887-4C5A-B00D-E26055026D47}.Release|Any CPU.ActiveCfg = Release|Any CPU
		{8DB8B07D-B887-4C5A-B00D-E26055026D47}.Release|Any CPU.Build.0 = Release|Any CPU
	EndGlobalSection
	GlobalSection(SolutionProperties) = preSolution
		HideSolutionNode = FALSE
	EndGlobalSection
	GlobalSection(ExtensibilityGlobals) = postSolution
		SolutionGuid = {12325981-2838-495F-8247-55D12E3FF389}
	EndGlobalSection
EndGlobal
